
Microsoft Visual Studio Solution File, Format Version 12.00
# Visual Studio Version 17
VisualStudioVersion = 17.4.33213.308
MinimumVisualStudioVersion = 10.0.40219.1
Project("{FAE04EC0-301F-11D3-BF4B-00C04F79EFBC}") = "AppT", "AppT\AppT.csproj", "{1ADF45B0-7F39-4CF1-930D-4197FA1EF554}"
EndProject
Global
	GlobalSection(SolutionConfigurationPlatforms) = preSolution
		Debug|Any CPU = Debug|Any CPU
		Release|Any CPU = Release|Any CPU
	EndGlobalSection
	GlobalSection(ProjectConfigurationPlatforms) = postSolution
		{1ADF45B0-7F39-4CF1-930D-4197FA1EF554}.Debug|Any CPU.ActiveCfg = Debug|Any CPU
		{1ADF45B0-7F39-4CF1-930D-4197FA1EF554}.Debug|Any CPU.Build.0 = Debug|Any CPU
		{1ADF45B0-7F39-4CF1-930D-4197FA1EF554}.Release|Any CPU.ActiveCfg = Release|Any CPU
		{1ADF45B0-7F39-4CF1-930D-4197FA1EF554}.Release|Any CPU.Build.0 = Release|Any CPU
	EndGlobalSection
	GlobalSection(SolutionProperties) = preSolution
		HideSolutionNode = FALSE
	EndGlobalSection
	GlobalSection(ExtensibilityGlobals) = postSolution
		SolutionGuid = {60E72A43-214E-4130-9BCE-9731B590D7D7}
	EndGlobalSection
EndGlobal
